// !$*UTF8*$!
{
	archiveVersion = 1;
	classes = {
	};
	objectVersion = 50;
	objects = {

/* Begin PBXBuildFile section */
		607A3CE72548D86000E51A5E /* CustomTextField.swift in Sources */ = {isa = PBXBuildFile; fileRef = 607A3CE62548D86000E51A5E /* CustomTextField.swift */; };
		607A3CEA2548DC2900E51A5E /* CustomLabel.swift in Sources */ = {isa = PBXBuildFile; fileRef = 607A3CE92548DC2900E51A5E /* CustomLabel.swift */; };
		607A3CEE2548DD2500E51A5E /* CustomButtonAction.swift in Sources */ = {isa = PBXBuildFile; fileRef = 607A3CED2548DD2500E51A5E /* CustomButtonAction.swift */; };
		AB33F7D7253FD20F003D3047 /* AppDelegate.swift in Sources */ = {isa = PBXBuildFile; fileRef = AB33F7D6253FD20F003D3047 /* AppDelegate.swift */; };
		AB33F7E0253FD214003D3047 /* Assets.xcassets in Resources */ = {isa = PBXBuildFile; fileRef = AB33F7DF253FD214003D3047 /* Assets.xcassets */; };
		AB33F7E3253FD214003D3047 /* LaunchScreen.storyboard in Resources */ = {isa = PBXBuildFile; fileRef = AB33F7E1253FD214003D3047 /* LaunchScreen.storyboard */; };
		AB33F7EC253FD33E003D3047 /* ClientManager.swift in Sources */ = {isa = PBXBuildFile; fileRef = AB33F7EB253FD33E003D3047 /* ClientManager.swift */; };
		AB33F7EF253FD445003D3047 /* Message.swift in Sources */ = {isa = PBXBuildFile; fileRef = AB33F7EE253FD445003D3047 /* Message.swift */; };
		AB7A269E2543C99F00178D80 /* Cala.swift in Sources */ = {isa = PBXBuildFile; fileRef = AB7A269D2543C99F00178D80 /* Cala.swift */; };
		AB7A26A02543C9DE00178D80 /* CustomButtonKala.swift in Sources */ = {isa = PBXBuildFile; fileRef = AB7A269F2543C9DE00178D80 /* CustomButtonKala.swift */; };
		AB7A26A32543CBA300178D80 /* Extensions.swift in Sources */ = {isa = PBXBuildFile; fileRef = AB7A26A22543CBA300178D80 /* Extensions.swift */; };
		AB7A26A52543CCA400178D80 /* GameViewController.swift in Sources */ = {isa = PBXBuildFile; fileRef = AB7A26A42543CCA400178D80 /* GameViewController.swift */; };
		ABD367422541318900C17530 /* ChatViewController.swift in Sources */ = {isa = PBXBuildFile; fileRef = ABD367412541318900C17530 /* ChatViewController.swift */; };
		ABD36746254131BA00C17530 /* MessageCell.swift in Sources */ = {isa = PBXBuildFile; fileRef = ABD36745254131BA00C17530 /* MessageCell.swift */; };
		ABD367482542784200C17530 /* InitialViewController.swift in Sources */ = {isa = PBXBuildFile; fileRef = ABD367472542784200C17530 /* InitialViewController.swift */; };
/* End PBXBuildFile section */

/* Begin PBXFileReference section */
		607A3CE62548D86000E51A5E /* CustomTextField.swift */ = {isa = PBXFileReference; lastKnownFileType = sourcecode.swift; path = CustomTextField.swift; sourceTree = "<group>"; };
		607A3CE92548DC2900E51A5E /* CustomLabel.swift */ = {isa = PBXFileReference; lastKnownFileType = sourcecode.swift; path = CustomLabel.swift; sourceTree = "<group>"; };
		607A3CED2548DD2500E51A5E /* CustomButtonAction.swift */ = {isa = PBXFileReference; lastKnownFileType = sourcecode.swift; path = CustomButtonAction.swift; sourceTree = "<group>"; };
		AB33F7D3253FD20F003D3047 /* MancalaClient.app */ = {isa = PBXFileReference; explicitFileType = wrapper.application; includeInIndex = 0; path = MancalaClient.app; sourceTree = BUILT_PRODUCTS_DIR; };
		AB33F7D6253FD20F003D3047 /* AppDelegate.swift */ = {isa = PBXFileReference; lastKnownFileType = sourcecode.swift; path = AppDelegate.swift; sourceTree = "<group>"; };
		AB33F7DF253FD214003D3047 /* Assets.xcassets */ = {isa = PBXFileReference; lastKnownFileType = folder.assetcatalog; path = Assets.xcassets; sourceTree = "<group>"; };
		AB33F7E2253FD214003D3047 /* Base */ = {isa = PBXFileReference; lastKnownFileType = file.storyboard; name = Base; path = Base.lproj/LaunchScreen.storyboard; sourceTree = "<group>"; };
		AB33F7E4253FD214003D3047 /* Info.plist */ = {isa = PBXFileReference; lastKnownFileType = text.plist.xml; path = Info.plist; sourceTree = "<group>"; };
		AB33F7EB253FD33E003D3047 /* ClientManager.swift */ = {isa = PBXFileReference; lastKnownFileType = sourcecode.swift; path = ClientManager.swift; sourceTree = "<group>"; };
		AB33F7EE253FD445003D3047 /* Message.swift */ = {isa = PBXFileReference; lastKnownFileType = sourcecode.swift; path = Message.swift; sourceTree = "<group>"; };
		AB7A269D2543C99F00178D80 /* Cala.swift */ = {isa = PBXFileReference; lastKnownFileType = sourcecode.swift; path = Cala.swift; sourceTree = "<group>"; };
		AB7A269F2543C9DE00178D80 /* CustomButtonKala.swift */ = {isa = PBXFileReference; lastKnownFileType = sourcecode.swift; path = CustomButtonKala.swift; sourceTree = "<group>"; };
		AB7A26A22543CBA300178D80 /* Extensions.swift */ = {isa = PBXFileReference; lastKnownFileType = sourcecode.swift; path = Extensions.swift; sourceTree = "<group>"; };
		AB7A26A42543CCA400178D80 /* GameViewController.swift */ = {isa = PBXFileReference; lastKnownFileType = sourcecode.swift; path = GameViewController.swift; sourceTree = "<group>"; };
		ABD367412541318900C17530 /* ChatViewController.swift */ = {isa = PBXFileReference; lastKnownFileType = sourcecode.swift; path = ChatViewController.swift; sourceTree = "<group>"; };
		ABD36745254131BA00C17530 /* MessageCell.swift */ = {isa = PBXFileReference; lastKnownFileType = sourcecode.swift; path = MessageCell.swift; sourceTree = "<group>"; };
		ABD367472542784200C17530 /* InitialViewController.swift */ = {isa = PBXFileReference; lastKnownFileType = sourcecode.swift; path = InitialViewController.swift; sourceTree = "<group>"; };
/* End PBXFileReference section */

/* Begin PBXFrameworksBuildPhase section */
		AB33F7D0253FD20F003D3047 /* Frameworks */ = {
			isa = PBXFrameworksBuildPhase;
			buildActionMask = 2147483647;
			files = (
			);
			runOnlyForDeploymentPostprocessing = 0;
		};
/* End PBXFrameworksBuildPhase section */

/* Begin PBXGroup section */
		AB33F7CA253FD20F003D3047 = {
			isa = PBXGroup;
			children = (
				AB33F7D5253FD20F003D3047 /* MancalaClient */,
				AB33F7D4253FD20F003D3047 /* Products */,
			);
			sourceTree = "<group>";
		};
		AB33F7D4253FD20F003D3047 /* Products */ = {
			isa = PBXGroup;
			children = (
				AB33F7D3253FD20F003D3047 /* MancalaClient.app */,
			);
			name = Products;
			sourceTree = "<group>";
		};
		AB33F7D5253FD20F003D3047 /* MancalaClient */ = {
			isa = PBXGroup;
			children = (
				AB7A26A12543CB9500178D80 /* Utils */,
				ABD36743254131A500C17530 /* Views */,
				ABD367402541316B00C17530 /* Controllers */,
				AB33F7ED253FD43B003D3047 /* Model */,
				AB33F7EA253FD2F0003D3047 /* Service */,
				AB33F7D6253FD20F003D3047 /* AppDelegate.swift */,
				AB33F7DF253FD214003D3047 /* Assets.xcassets */,
				AB33F7E1253FD214003D3047 /* LaunchScreen.storyboard */,
				AB33F7E4253FD214003D3047 /* Info.plist */,
			);
			path = MancalaClient;
			sourceTree = "<group>";
		};
		AB33F7EA253FD2F0003D3047 /* Service */ = {
			isa = PBXGroup;
			children = (
				AB33F7EB253FD33E003D3047 /* ClientManager.swift */,
			);
			path = Service;
			sourceTree = "<group>";
		};
		AB33F7ED253FD43B003D3047 /* Model */ = {
			isa = PBXGroup;
			children = (
				AB33F7EE253FD445003D3047 /* Message.swift */,
				AB7A269D2543C99F00178D80 /* Cala.swift */,
			);
			path = Model;
			sourceTree = "<group>";
		};
		AB7A26A12543CB9500178D80 /* Utils */ = {
			isa = PBXGroup;
			children = (
				AB7A26A22543CBA300178D80 /* Extensions.swift */,
			);
			path = Utils;
			sourceTree = "<group>";
		};
		ABD367402541316B00C17530 /* Controllers */ = {
			isa = PBXGroup;
			children = (
				ABD367412541318900C17530 /* ChatViewController.swift */,
				ABD367472542784200C17530 /* InitialViewController.swift */,
				AB7A26A42543CCA400178D80 /* GameViewController.swift */,
			);
			path = Controllers;
			sourceTree = "<group>";
		};
		ABD36743254131A500C17530 /* Views */ = {
			isa = PBXGroup;
			children = (
				ABD36744254131AC00C17530 /*  CustomCells */,
				AB7A269F2543C9DE00178D80 /* CustomButtonKala.swift */,
				607A3CE62548D86000E51A5E /* CustomTextField.swift */,
				607A3CE92548DC2900E51A5E /* CustomLabel.swift */,
				607A3CED2548DD2500E51A5E /* CustomButtonAction.swift */,
			);
			path = Views;
			sourceTree = "<group>";
		};
		ABD36744254131AC00C17530 /*  CustomCells */ = {
			isa = PBXGroup;
			children = (
				ABD36745254131BA00C17530 /* MessageCell.swift */,
			);
			path = " CustomCells";
			sourceTree = "<group>";
		};
/* End PBXGroup section */

/* Begin PBXNativeTarget section */
		AB33F7D2253FD20F003D3047 /* MancalaClient */ = {
			isa = PBXNativeTarget;
			buildConfigurationList = AB33F7E7253FD214003D3047 /* Build configuration list for PBXNativeTarget "MancalaClient" */;
			buildPhases = (
				AB33F7CF253FD20F003D3047 /* Sources */,
				AB33F7D0253FD20F003D3047 /* Frameworks */,
				AB33F7D1253FD20F003D3047 /* Resources */,
			);
			buildRules = (
			);
			dependencies = (
			);
			name = MancalaClient;
			productName = MancalaClient;
			productReference = AB33F7D3253FD20F003D3047 /* MancalaClient.app */;
			productType = "com.apple.product-type.application";
		};
/* End PBXNativeTarget section */

/* Begin PBXProject section */
		AB33F7CB253FD20F003D3047 /* Project object */ = {
			isa = PBXProject;
			attributes = {
				LastSwiftUpdateCheck = 1170;
				LastUpgradeCheck = 1170;
				ORGANIZATIONNAME = "Gabriel Palhares";
				TargetAttributes = {
					AB33F7D2253FD20F003D3047 = {
						CreatedOnToolsVersion = 11.7;
					};
				};
			};
			buildConfigurationList = AB33F7CE253FD20F003D3047 /* Build configuration list for PBXProject "MancalaClient" */;
			compatibilityVersion = "Xcode 9.3";
			developmentRegion = en;
			hasScannedForEncodings = 0;
			knownRegions = (
				en,
				Base,
			);
			mainGroup = AB33F7CA253FD20F003D3047;
			productRefGroup = AB33F7D4253FD20F003D3047 /* Products */;
			projectDirPath = "";
			projectRoot = "";
			targets = (
				AB33F7D2253FD20F003D3047 /* MancalaClient */,
			);
		};
/* End PBXProject section */

/* Begin PBXResourcesBuildPhase section */
		AB33F7D1253FD20F003D3047 /* Resources */ = {
			isa = PBXResourcesBuildPhase;
			buildActionMask = 2147483647;
			files = (
				AB33F7E3253FD214003D3047 /* LaunchScreen.storyboard in Resources */,
				AB33F7E0253FD214003D3047 /* Assets.xcassets in Resources */,
			);
			runOnlyForDeploymentPostprocessing = 0;
		};
/* End PBXResourcesBuildPhase section */

/* Begin PBXSourcesBuildPhase section */
		AB33F7CF253FD20F003D3047 /* Sources */ = {
			isa = PBXSourcesBuildPhase;
			buildActionMask = 2147483647;
			files = (
				AB7A26A52543CCA400178D80 /* GameViewController.swift in Sources */,
				607A3CE72548D86000E51A5E /* CustomTextField.swift in Sources */,
				AB7A26A02543C9DE00178D80 /* CustomButtonKala.swift in Sources */,
				AB33F7EC253FD33E003D3047 /* ClientManager.swift in Sources */,
				AB33F7EF253FD445003D3047 /* Message.swift in Sources */,
				AB33F7D7253FD20F003D3047 /* AppDelegate.swift in Sources */,
				AB7A269E2543C99F00178D80 /* Cala.swift in Sources */,
				607A3CEA2548DC2900E51A5E /* CustomLabel.swift in Sources */,
				ABD367482542784200C17530 /* InitialViewController.swift in Sources */,
				607A3CEE2548DD2500E51A5E /* CustomButtonAction.swift in Sources */,
				ABD367422541318900C17530 /* ChatViewController.swift in Sources */,
				AB7A26A32543CBA300178D80 /* Extensions.swift in Sources */,
				ABD36746254131BA00C17530 /* MessageCell.swift in Sources */,
			);
			runOnlyForDeploymentPostprocessing = 0;
		};
/* End PBXSourcesBuildPhase section */

/* Begin PBXVariantGroup section */
		AB33F7E1253FD214003D3047 /* LaunchScreen.storyboard */ = {
			isa = PBXVariantGroup;
			children = (
				AB33F7E2253FD214003D3047 /* Base */,
			);
			name = LaunchScreen.storyboard;
			sourceTree = "<group>";
		};
/* End PBXVariantGroup section */

/* Begin XCBuildConfiguration section */
		AB33F7E5253FD214003D3047 /* Debug */ = {
			isa = XCBuildConfiguration;
			buildSettings = {
				ALWAYS_SEARCH_USER_PATHS = NO;
				CLANG_ANALYZER_NONNULL = YES;
				CLANG_ANALYZER_NUMBER_OBJECT_CONVERSION = YES_AGGRESSIVE;
				CLANG_CXX_LANGUAGE_STANDARD = "gnu++14";
				CLANG_CXX_LIBRARY = "libc++";
				CLANG_ENABLE_MODULES = YES;
				CLANG_ENABLE_OBJC_ARC = YES;
				CLANG_ENABLE_OBJC_WEAK = YES;
				CLANG_WARN_BLOCK_CAPTURE_AUTORELEASING = YES;
				CLANG_WARN_BOOL_CONVERSION = YES;
				CLANG_WARN_COMMA = YES;
				CLANG_WARN_CONSTANT_CONVERSION = YES;
				CLANG_WARN_DEPRECATED_OBJC_IMPLEMENTATIONS = YES;
				CLANG_WARN_DIRECT_OBJC_ISA_USAGE = YES_ERROR;
				CLANG_WARN_DOCUMENTATION_COMMENTS = YES;
				CLANG_WARN_EMPTY_BODY = YES;
				CLANG_WARN_ENUM_CONVERSION = YES;
				CLANG_WARN_INFINITE_RECURSION = YES;
				CLANG_WARN_INT_CONVERSION = YES;
				CLANG_WARN_NON_LITERAL_NULL_CONVERSION = YES;
				CLANG_WARN_OBJC_IMPLICIT_RETAIN_SELF = YES;
				CLANG_WARN_OBJC_LITERAL_CONVERSION = YES;
				CLANG_WARN_OBJC_ROOT_CLASS = YES_ERROR;
				CLANG_WARN_RANGE_LOOP_ANALYSIS = YES;
				CLANG_WARN_STRICT_PROTOTYPES = YES;
				CLANG_WARN_SUSPICIOUS_MOVE = YES;
				CLANG_WARN_UNGUARDED_AVAILABILITY = YES_AGGRESSIVE;
				CLANG_WARN_UNREACHABLE_CODE = YES;
				CLANG_WARN__DUPLICATE_METHOD_MATCH = YES;
				COPY_PHASE_STRIP = NO;
				DEBUG_INFORMATION_FORMAT = dwarf;
				ENABLE_STRICT_OBJC_MSGSEND = YES;
				ENABLE_TESTABILITY = YES;
				GCC_C_LANGUAGE_STANDARD = gnu11;
				GCC_DYNAMIC_NO_PIC = NO;
				GCC_NO_COMMON_BLOCKS = YES;
				GCC_OPTIMIZATION_LEVEL = 0;
				GCC_PREPROCESSOR_DEFINITIONS = (
					"DEBUG=1",
					"$(inherited)",
				);
				GCC_WARN_64_TO_32_BIT_CONVERSION = YES;
				GCC_WARN_ABOUT_RETURN_TYPE = YES_ERROR;
				GCC_WARN_UNDECLARED_SELECTOR = YES;
				GCC_WARN_UNINITIALIZED_AUTOS = YES_AGGRESSIVE;
				GCC_WARN_UNUSED_FUNCTION = YES;
				GCC_WARN_UNUSED_VARIABLE = YES;
				IPHONEOS_DEPLOYMENT_TARGET = 13.7;
				MTL_ENABLE_DEBUG_INFO = INCLUDE_SOURCE;
				MTL_FAST_MATH = YES;
				ONLY_ACTIVE_ARCH = YES;
				SDKROOT = iphoneos;
				SWIFT_ACTIVE_COMPILATION_CONDITIONS = DEBUG;
				SWIFT_OPTIMIZATION_LEVEL = "-Onone";
			};
			name = Debug;
		};
		AB33F7E6253FD214003D3047 /* Release */ = {
			isa = XCBuildConfiguration;
			buildSettings = {
				ALWAYS_SEARCH_USER_PATHS = NO;
				CLANG_ANALYZER_NONNULL = YES;
				CLANG_ANALYZER_NUMBER_OBJECT_CONVERSION = YES_AGGRESSIVE;
				CLANG_CXX_LANGUAGE_STANDARD = "gnu++14";
				CLANG_CXX_LIBRARY = "libc++";
				CLANG_ENABLE_MODULES = YES;
				CLANG_ENABLE_OBJC_ARC = YES;
				CLANG_ENABLE_OBJC_WEAK = YES;
				CLANG_WARN_BLOCK_CAPTURE_AUTORELEASING = YES;
				CLANG_WARN_BOOL_CONVERSION = YES;
				CLANG_WARN_COMMA = YES;
				CLANG_WARN_CONSTANT_CONVERSION = YES;
				CLANG_WARN_DEPRECATED_OBJC_IMPLEMENTATIONS = YES;
				CLANG_WARN_DIRECT_OBJC_ISA_USAGE = YES_ERROR;
				CLANG_WARN_DOCUMENTATION_COMMENTS = YES;
				CLANG_WARN_EMPTY_BODY = YES;
				CLANG_WARN_ENUM_CONVERSION = YES;
				CLANG_WARN_INFINITE_RECURSION = YES;
				CLANG_WARN_INT_CONVERSION = YES;
				CLANG_WARN_NON_LITERAL_NULL_CONVERSION = YES;
				CLANG_WARN_OBJC_IMPLICIT_RETAIN_SELF = YES;
				CLANG_WARN_OBJC_LITERAL_CONVERSION = YES;
				CLANG_WARN_OBJC_ROOT_CLASS = YES_ERROR;
				CLANG_WARN_RANGE_LOOP_ANALYSIS = YES;
				CLANG_WARN_STRICT_PROTOTYPES = YES;
				CLANG_WARN_SUSPICIOUS_MOVE = YES;
				CLANG_WARN_UNGUARDED_AVAILABILITY = YES_AGGRESSIVE;
				CLANG_WARN_UNREACHABLE_CODE = YES;
				CLANG_WARN__DUPLICATE_METHOD_MATCH = YES;
				COPY_PHASE_STRIP = NO;
				DEBUG_INFORMATION_FORMAT = "dwarf-with-dsym";
				ENABLE_NS_ASSERTIONS = NO;
				ENABLE_STRICT_OBJC_MSGSEND = YES;
				GCC_C_LANGUAGE_STANDARD = gnu11;
				GCC_NO_COMMON_BLOCKS = YES;
				GCC_WARN_64_TO_32_BIT_CONVERSION = YES;
				GCC_WARN_ABOUT_RETURN_TYPE = YES_ERROR;
				GCC_WARN_UNDECLARED_SELECTOR = YES;
				GCC_WARN_UNINITIALIZED_AUTOS = YES_AGGRESSIVE;
				GCC_WARN_UNUSED_FUNCTION = YES;
				GCC_WARN_UNUSED_VARIABLE = YES;
				IPHONEOS_DEPLOYMENT_TARGET = 13.7;
				MTL_ENABLE_DEBUG_INFO = NO;
				MTL_FAST_MATH = YES;
				SDKROOT = iphoneos;
				SWIFT_COMPILATION_MODE = wholemodule;
				SWIFT_OPTIMIZATION_LEVEL = "-O";
				VALIDATE_PRODUCT = YES;
			};
			name = Release;
		};
		AB33F7E8253FD214003D3047 /* Debug */ = {
			isa = XCBuildConfiguration;
			buildSettings = {
				ASSETCATALOG_COMPILER_APPICON_NAME = AppIcon;
				CODE_SIGN_STYLE = Automatic;
				DEVELOPMENT_TEAM = 6Z5CB5T6U7;
				INFOPLIST_FILE = MancalaClient/Info.plist;
				LD_RUNPATH_SEARCH_PATHS = (
					"$(inherited)",
					"@executable_path/Frameworks",
				);
				PRODUCT_BUNDLE_IDENTIFIER = palhares.MancalaClient;
				PRODUCT_NAME = "$(TARGET_NAME)";
				SWIFT_VERSION = 5.0;
				TARGETED_DEVICE_FAMILY = "1,2";
			};
			name = Debug;
		};
		AB33F7E9253FD214003D3047 /* Release */ = {
			isa = XCBuildConfiguration;
			buildSettings = {
				ASSETCATALOG_COMPILER_APPICON_NAME = AppIcon;
				CODE_SIGN_STYLE = Automatic;
				DEVELOPMENT_TEAM = 6Z5CB5T6U7;
				INFOPLIST_FILE = MancalaClient/Info.plist;
				LD_RUNPATH_SEARCH_PATHS = (
					"$(inherited)",
					"@executable_path/Frameworks",
				);
				PRODUCT_BUNDLE_IDENTIFIER = palhares.MancalaClient;
				PRODUCT_NAME = "$(TARGET_NAME)";
				SWIFT_VERSION = 5.0;
				TARGETED_DEVICE_FAMILY = "1,2";
			};
			name = Release;
		};
/* End XCBuildConfiguration section */

/* Begin XCConfigurationList section */
		AB33F7CE253FD20F003D3047 /* Build configuration list for PBXProject "MancalaClient" */ = {
			isa = XCConfigurationList;
			buildConfigurations = (
				AB33F7E5253FD214003D3047 /* Debug */,
				AB33F7E6253FD214003D3047 /* Release */,
			);
			defaultConfigurationIsVisible = 0;
			defaultConfigurationName = Release;
		};
		AB33F7E7253FD214003D3047 /* Build configuration list for PBXNativeTarget "MancalaClient" */ = {
			isa = XCConfigurationList;
			buildConfigurations = (
				AB33F7E8253FD214003D3047 /* Debug */,
				AB33F7E9253FD214003D3047 /* Release */,
			);
			defaultConfigurationIsVisible = 0;
			defaultConfigurationName = Release;
		};
/* End XCConfigurationList section */
	};
	rootObject = AB33F7CB253FD20F003D3047 /* Project object */;
}
