// !$*UTF8*$!
{
	archiveVersion = 1;
	classes = {
	};
	objectVersion = 50;
	objects = {

/* Begin PBXBuildFile section */
		77096DA523F7BFF600DAE60D /* Coordinate.swift in Sources */ = {isa = PBXBuildFile; fileRef = 77096DA423F7BFF600DAE60D /* Coordinate.swift */; };
		A410631123E9BB97000033C7 /* ChatViewController.swift in Sources */ = {isa = PBXBuildFile; fileRef = A410631023E9BB97000033C7 /* ChatViewController.swift */; };
		A489C2C423E7AB6B00021FED /* AppDelegate.swift in Sources */ = {isa = PBXBuildFile; fileRef = A489C2C323E7AB6B00021FED /* AppDelegate.swift */; };
		A489C2C623E7AB6B00021FED /* GameScene.sks in Resources */ = {isa = PBXBuildFile; fileRef = A489C2C523E7AB6B00021FED /* GameScene.sks */; };
		A489C2C823E7AB6B00021FED /* Actions.sks in Resources */ = {isa = PBXBuildFile; fileRef = A489C2C723E7AB6B00021FED /* Actions.sks */; };
		A489C2CA23E7AB6B00021FED /* GameScene.swift in Sources */ = {isa = PBXBuildFile; fileRef = A489C2C923E7AB6B00021FED /* GameScene.swift */; };
		A489C2CC23E7AB6B00021FED /* GameViewController.swift in Sources */ = {isa = PBXBuildFile; fileRef = A489C2CB23E7AB6B00021FED /* GameViewController.swift */; };
		A489C2CF23E7AB6B00021FED /* Main.storyboard in Resources */ = {isa = PBXBuildFile; fileRef = A489C2CD23E7AB6B00021FED /* Main.storyboard */; };
		A489C2D123E7AB6E00021FED /* Assets.xcassets in Resources */ = {isa = PBXBuildFile; fileRef = A489C2D023E7AB6E00021FED /* Assets.xcassets */; };
		A489C2D423E7AB6E00021FED /* LaunchScreen.storyboard in Resources */ = {isa = PBXBuildFile; fileRef = A489C2D223E7AB6E00021FED /* LaunchScreen.storyboard */; };
		A489C2E023E8617000021FED /* boardTileSet.sks in Resources */ = {isa = PBXBuildFile; fileRef = A489C2DF23E8617000021FED /* boardTileSet.sks */; };
		A4D3920B23F32FF4007524FA /* InitialViewController.swift in Sources */ = {isa = PBXBuildFile; fileRef = A4D3920A23F32FF4007524FA /* InitialViewController.swift */; };
		A4D3920F23F33120007524FA /* NetworkManager.swift in Sources */ = {isa = PBXBuildFile; fileRef = A4D3920E23F33120007524FA /* NetworkManager.swift */; };
		A4D3921123F35CCA007524FA /* extension+UIView.swift in Sources */ = {isa = PBXBuildFile; fileRef = A4D3921023F35CCA007524FA /* extension+UIView.swift */; };
		A4D3921323F368B6007524FA /* Message.swift in Sources */ = {isa = PBXBuildFile; fileRef = A4D3921223F368B6007524FA /* Message.swift */; };
		A4F2146123E899CD0098BC2D /* ChatTableViewCell.swift in Sources */ = {isa = PBXBuildFile; fileRef = A4F2146023E899CD0098BC2D /* ChatTableViewCell.swift */; };
/* End PBXBuildFile section */

/* Begin PBXFileReference section */
		77096DA423F7BFF600DAE60D /* Coordinate.swift */ = {isa = PBXFileReference; lastKnownFileType = sourcecode.swift; path = Coordinate.swift; sourceTree = "<group>"; };
		A410631023E9BB97000033C7 /* ChatViewController.swift */ = {isa = PBXFileReference; lastKnownFileType = sourcecode.swift; path = ChatViewController.swift; sourceTree = "<group>"; };
		A489C2C023E7AB6B00021FED /* Bizingo.app */ = {isa = PBXFileReference; explicitFileType = wrapper.application; includeInIndex = 0; path = Bizingo.app; sourceTree = BUILT_PRODUCTS_DIR; };
		A489C2C323E7AB6B00021FED /* AppDelegate.swift */ = {isa = PBXFileReference; lastKnownFileType = sourcecode.swift; path = AppDelegate.swift; sourceTree = "<group>"; };
		A489C2C523E7AB6B00021FED /* GameScene.sks */ = {isa = PBXFileReference; lastKnownFileType = file.sks; path = GameScene.sks; sourceTree = "<group>"; };
		A489C2C723E7AB6B00021FED /* Actions.sks */ = {isa = PBXFileReference; lastKnownFileType = file.sks; path = Actions.sks; sourceTree = "<group>"; };
		A489C2C923E7AB6B00021FED /* GameScene.swift */ = {isa = PBXFileReference; lastKnownFileType = sourcecode.swift; path = GameScene.swift; sourceTree = "<group>"; };
		A489C2CB23E7AB6B00021FED /* GameViewController.swift */ = {isa = PBXFileReference; lastKnownFileType = sourcecode.swift; path = GameViewController.swift; sourceTree = "<group>"; };
		A489C2CE23E7AB6B00021FED /* Base */ = {isa = PBXFileReference; lastKnownFileType = file.storyboard; name = Base; path = Base.lproj/Main.storyboard; sourceTree = "<group>"; };
		A489C2D023E7AB6E00021FED /* Assets.xcassets */ = {isa = PBXFileReference; lastKnownFileType = folder.assetcatalog; path = Assets.xcassets; sourceTree = "<group>"; };
		A489C2D323E7AB6E00021FED /* Base */ = {isa = PBXFileReference; lastKnownFileType = file.storyboard; name = Base; path = Base.lproj/LaunchScreen.storyboard; sourceTree = "<group>"; };
		A489C2D523E7AB6E00021FED /* Info.plist */ = {isa = PBXFileReference; lastKnownFileType = text.plist.xml; path = Info.plist; sourceTree = "<group>"; };
		A489C2DF23E8617000021FED /* boardTileSet.sks */ = {isa = PBXFileReference; lastKnownFileType = file.sks; path = boardTileSet.sks; sourceTree = "<group>"; };
		A4D3920A23F32FF4007524FA /* InitialViewController.swift */ = {isa = PBXFileReference; lastKnownFileType = sourcecode.swift; path = InitialViewController.swift; sourceTree = "<group>"; };
		A4D3920E23F33120007524FA /* NetworkManager.swift */ = {isa = PBXFileReference; lastKnownFileType = sourcecode.swift; path = NetworkManager.swift; sourceTree = "<group>"; };
		A4D3921023F35CCA007524FA /* extension+UIView.swift */ = {isa = PBXFileReference; lastKnownFileType = sourcecode.swift; path = "extension+UIView.swift"; sourceTree = "<group>"; };
		A4D3921223F368B6007524FA /* Message.swift */ = {isa = PBXFileReference; lastKnownFileType = sourcecode.swift; path = Message.swift; sourceTree = "<group>"; };
		A4F2146023E899CD0098BC2D /* ChatTableViewCell.swift */ = {isa = PBXFileReference; lastKnownFileType = sourcecode.swift; path = ChatTableViewCell.swift; sourceTree = "<group>"; };
/* End PBXFileReference section */

/* Begin PBXFrameworksBuildPhase section */
		A489C2BD23E7AB6B00021FED /* Frameworks */ = {
			isa = PBXFrameworksBuildPhase;
			buildActionMask = 2147483647;
			files = (
			);
			runOnlyForDeploymentPostprocessing = 0;
		};
/* End PBXFrameworksBuildPhase section */

/* Begin PBXGroup section */
		A489C2B723E7AB6B00021FED = {
			isa = PBXGroup;
			children = (
				A489C2C223E7AB6B00021FED /* Bizingo */,
				A489C2C123E7AB6B00021FED /* Products */,
			);
			sourceTree = "<group>";
		};
		A489C2C123E7AB6B00021FED /* Products */ = {
			isa = PBXGroup;
			children = (
				A489C2C023E7AB6B00021FED /* Bizingo.app */,
			);
			name = Products;
			sourceTree = "<group>";
		};
		A489C2C223E7AB6B00021FED /* Bizingo */ = {
			isa = PBXGroup;
			children = (
				A4D3921423F36BD2007524FA /* Extensions */,
				A4D3920D23F3310F007524FA /* Service */,
				A4D3920C23F33100007524FA /* Models */,
				A489C2DE23E85A4000021FED /* Views */,
				A489C2DD23E859B800021FED /* Controllers */,
				A489C2C323E7AB6B00021FED /* AppDelegate.swift */,
				A489C2C523E7AB6B00021FED /* GameScene.sks */,
				A489C2C723E7AB6B00021FED /* Actions.sks */,
				A489C2C923E7AB6B00021FED /* GameScene.swift */,
				A489C2CD23E7AB6B00021FED /* Main.storyboard */,
				A489C2D023E7AB6E00021FED /* Assets.xcassets */,
				A489C2D223E7AB6E00021FED /* LaunchScreen.storyboard */,
				A489C2D523E7AB6E00021FED /* Info.plist */,
				A489C2DF23E8617000021FED /* boardTileSet.sks */,
			);
			path = Bizingo;
			sourceTree = "<group>";
		};
		A489C2DD23E859B800021FED /* Controllers */ = {
			isa = PBXGroup;
			children = (
				A489C2CB23E7AB6B00021FED /* GameViewController.swift */,
				A410631023E9BB97000033C7 /* ChatViewController.swift */,
				A4D3920A23F32FF4007524FA /* InitialViewController.swift */,
			);
			path = Controllers;
			sourceTree = "<group>";
		};
		A489C2DE23E85A4000021FED /* Views */ = {
			isa = PBXGroup;
			children = (
				A4F2146023E899CD0098BC2D /* ChatTableViewCell.swift */,
			);
			path = Views;
			sourceTree = "<group>";
		};
		A4D3920C23F33100007524FA /* Models */ = {
			isa = PBXGroup;
			children = (
				A4D3921223F368B6007524FA /* Message.swift */,
				77096DA423F7BFF600DAE60D /* Coordinate.swift */,
			);
			path = Models;
			sourceTree = "<group>";
		};
		A4D3920D23F3310F007524FA /* Service */ = {
			isa = PBXGroup;
			children = (
				A4D3920E23F33120007524FA /* NetworkManager.swift */,
			);
			path = Service;
			sourceTree = "<group>";
		};
		A4D3921423F36BD2007524FA /* Extensions */ = {
			isa = PBXGroup;
			children = (
				A4D3921023F35CCA007524FA /* extension+UIView.swift */,
			);
			path = Extensions;
			sourceTree = "<group>";
		};
/* End PBXGroup section */

/* Begin PBXNativeTarget section */
		A489C2BF23E7AB6B00021FED /* Bizingo */ = {
			isa = PBXNativeTarget;
			buildConfigurationList = A489C2D823E7AB6E00021FED /* Build configuration list for PBXNativeTarget "Bizingo" */;
			buildPhases = (
				A489C2BC23E7AB6B00021FED /* Sources */,
				A489C2BD23E7AB6B00021FED /* Frameworks */,
				A489C2BE23E7AB6B00021FED /* Resources */,
			);
			buildRules = (
			);
			dependencies = (
			);
			name = Bizingo;
			productName = Bizingo;
			productReference = A489C2C023E7AB6B00021FED /* Bizingo.app */;
			productType = "com.apple.product-type.application";
		};
/* End PBXNativeTarget section */

/* Begin PBXProject section */
		A489C2B823E7AB6B00021FED /* Project object */ = {
			isa = PBXProject;
			attributes = {
				LastSwiftUpdateCheck = 1130;
				LastUpgradeCheck = 1130;
				ORGANIZATIONNAME = "Matheus Damasceno";
				TargetAttributes = {
					A489C2BF23E7AB6B00021FED = {
						CreatedOnToolsVersion = 11.3.1;
					};
				};
			};
			buildConfigurationList = A489C2BB23E7AB6B00021FED /* Build configuration list for PBXProject "Bizingo" */;
			compatibilityVersion = "Xcode 9.3";
			developmentRegion = en;
			hasScannedForEncodings = 0;
			knownRegions = (
				en,
				Base,
			);
			mainGroup = A489C2B723E7AB6B00021FED;
			productRefGroup = A489C2C123E7AB6B00021FED /* Products */;
			projectDirPath = "";
			projectRoot = "";
			targets = (
				A489C2BF23E7AB6B00021FED /* Bizingo */,
			);
		};
/* End PBXProject section */

/* Begin PBXResourcesBuildPhase section */
		A489C2BE23E7AB6B00021FED /* Resources */ = {
			isa = PBXResourcesBuildPhase;
			buildActionMask = 2147483647;
			files = (
				A489C2CF23E7AB6B00021FED /* Main.storyboard in Resources */,
				A489C2E023E8617000021FED /* boardTileSet.sks in Resources */,
				A489C2C623E7AB6B00021FED /* GameScene.sks in Resources */,
				A489C2D123E7AB6E00021FED /* Assets.xcassets in Resources */,
				A489C2D423E7AB6E00021FED /* LaunchScreen.storyboard in Resources */,
				A489C2C823E7AB6B00021FED /* Actions.sks in Resources */,
			);
			runOnlyForDeploymentPostprocessing = 0;
		};
/* End PBXResourcesBuildPhase section */

/* Begin PBXSourcesBuildPhase section */
		A489C2BC23E7AB6B00021FED /* Sources */ = {
			isa = PBXSourcesBuildPhase;
			buildActionMask = 2147483647;
			files = (
				77096DA523F7BFF600DAE60D /* Coordinate.swift in Sources */,
				A489C2CA23E7AB6B00021FED /* GameScene.swift in Sources */,
				A489C2CC23E7AB6B00021FED /* GameViewController.swift in Sources */,
				A4D3921123F35CCA007524FA /* extension+UIView.swift in Sources */,
				A4D3921323F368B6007524FA /* Message.swift in Sources */,
				A4F2146123E899CD0098BC2D /* ChatTableViewCell.swift in Sources */,
				A4D3920F23F33120007524FA /* NetworkManager.swift in Sources */,
				A4D3920B23F32FF4007524FA /* InitialViewController.swift in Sources */,
				A410631123E9BB97000033C7 /* ChatViewController.swift in Sources */,
				A489C2C423E7AB6B00021FED /* AppDelegate.swift in Sources */,
			);
			runOnlyForDeploymentPostprocessing = 0;
		};
/* End PBXSourcesBuildPhase section */

/* Begin PBXVariantGroup section */
		A489C2CD23E7AB6B00021FED /* Main.storyboard */ = {
			isa = PBXVariantGroup;
			children = (
				A489C2CE23E7AB6B00021FED /* Base */,
			);
			name = Main.storyboard;
			sourceTree = "<group>";
		};
		A489C2D223E7AB6E00021FED /* LaunchScreen.storyboard */ = {
			isa = PBXVariantGroup;
			children = (
				A489C2D323E7AB6E00021FED /* Base */,
			);
			name = LaunchScreen.storyboard;
			sourceTree = "<group>";
		};
/* End PBXVariantGroup section */

/* Begin XCBuildConfiguration section */
		A489C2D623E7AB6E00021FED /* Debug */ = {
			isa = XCBuildConfiguration;
			buildSettings = {
				ALWAYS_SEARCH_USER_PATHS = NO;
				CLANG_ANALYZER_NONNULL = YES;
				CLANG_ANALYZER_NUMBER_OBJECT_CONVERSION = YES_AGGRESSIVE;
				CLANG_CXX_LANGUAGE_STANDARD = "gnu++14";
				CLANG_CXX_LIBRARY = "libc++";
				CLANG_ENABLE_MODULES = YES;
				CLANG_ENABLE_OBJC_ARC = YES;
				CLANG_ENABLE_OBJC_WEAK = YES;
				CLANG_WARN_BLOCK_CAPTURE_AUTORELEASING = YES;
				CLANG_WARN_BOOL_CONVERSION = YES;
				CLANG_WARN_COMMA = YES;
				CLANG_WARN_CONSTANT_CONVERSION = YES;
				CLANG_WARN_DEPRECATED_OBJC_IMPLEMENTATIONS = YES;
				CLANG_WARN_DIRECT_OBJC_ISA_USAGE = YES_ERROR;
				CLANG_WARN_DOCUMENTATION_COMMENTS = YES;
				CLANG_WARN_EMPTY_BODY = YES;
				CLANG_WARN_ENUM_CONVERSION = YES;
				CLANG_WARN_INFINITE_RECURSION = YES;
				CLANG_WARN_INT_CONVERSION = YES;
				CLANG_WARN_NON_LITERAL_NULL_CONVERSION = YES;
				CLANG_WARN_OBJC_IMPLICIT_RETAIN_SELF = YES;
				CLANG_WARN_OBJC_LITERAL_CONVERSION = YES;
				CLANG_WARN_OBJC_ROOT_CLASS = YES_ERROR;
				CLANG_WARN_RANGE_LOOP_ANALYSIS = YES;
				CLANG_WARN_STRICT_PROTOTYPES = YES;
				CLANG_WARN_SUSPICIOUS_MOVE = YES;
				CLANG_WARN_UNGUARDED_AVAILABILITY = YES_AGGRESSIVE;
				CLANG_WARN_UNREACHABLE_CODE = YES;
				CLANG_WARN__DUPLICATE_METHOD_MATCH = YES;
				COPY_PHASE_STRIP = NO;
				DEBUG_INFORMATION_FORMAT = dwarf;
				ENABLE_STRICT_OBJC_MSGSEND = YES;
				ENABLE_TESTABILITY = YES;
				GCC_C_LANGUAGE_STANDARD = gnu11;
				GCC_DYNAMIC_NO_PIC = NO;
				GCC_NO_COMMON_BLOCKS = YES;
				GCC_OPTIMIZATION_LEVEL = 0;
				GCC_PREPROCESSOR_DEFINITIONS = (
					"DEBUG=1",
					"$(inherited)",
				);
				GCC_WARN_64_TO_32_BIT_CONVERSION = YES;
				GCC_WARN_ABOUT_RETURN_TYPE = YES_ERROR;
				GCC_WARN_UNDECLARED_SELECTOR = YES;
				GCC_WARN_UNINITIALIZED_AUTOS = YES_AGGRESSIVE;
				GCC_WARN_UNUSED_FUNCTION = YES;
				GCC_WARN_UNUSED_VARIABLE = YES;
				IPHONEOS_DEPLOYMENT_TARGET = 13.2;
				MTL_ENABLE_DEBUG_INFO = INCLUDE_SOURCE;
				MTL_FAST_MATH = YES;
				ONLY_ACTIVE_ARCH = YES;
				SDKROOT = iphoneos;
				SWIFT_ACTIVE_COMPILATION_CONDITIONS = DEBUG;
				SWIFT_OPTIMIZATION_LEVEL = "-Onone";
			};
			name = Debug;
		};
		A489C2D723E7AB6E00021FED /* Release */ = {
			isa = XCBuildConfiguration;
			buildSettings = {
				ALWAYS_SEARCH_USER_PATHS = NO;
				CLANG_ANALYZER_NONNULL = YES;
				CLANG_ANALYZER_NUMBER_OBJECT_CONVERSION = YES_AGGRESSIVE;
				CLANG_CXX_LANGUAGE_STANDARD = "gnu++14";
				CLANG_CXX_LIBRARY = "libc++";
				CLANG_ENABLE_MODULES = YES;
				CLANG_ENABLE_OBJC_ARC = YES;
				CLANG_ENABLE_OBJC_WEAK = YES;
				CLANG_WARN_BLOCK_CAPTURE_AUTORELEASING = YES;
				CLANG_WARN_BOOL_CONVERSION = YES;
				CLANG_WARN_COMMA = YES;
				CLANG_WARN_CONSTANT_CONVERSION = YES;
				CLANG_WARN_DEPRECATED_OBJC_IMPLEMENTATIONS = YES;
				CLANG_WARN_DIRECT_OBJC_ISA_USAGE = YES_ERROR;
				CLANG_WARN_DOCUMENTATION_COMMENTS = YES;
				CLANG_WARN_EMPTY_BODY = YES;
				CLANG_WARN_ENUM_CONVERSION = YES;
				CLANG_WARN_INFINITE_RECURSION = YES;
				CLANG_WARN_INT_CONVERSION = YES;
				CLANG_WARN_NON_LITERAL_NULL_CONVERSION = YES;
				CLANG_WARN_OBJC_IMPLICIT_RETAIN_SELF = YES;
				CLANG_WARN_OBJC_LITERAL_CONVERSION = YES;
				CLANG_WARN_OBJC_ROOT_CLASS = YES_ERROR;
				CLANG_WARN_RANGE_LOOP_ANALYSIS = YES;
				CLANG_WARN_STRICT_PROTOTYPES = YES;
				CLANG_WARN_SUSPICIOUS_MOVE = YES;
				CLANG_WARN_UNGUARDED_AVAILABILITY = YES_AGGRESSIVE;
				CLANG_WARN_UNREACHABLE_CODE = YES;
				CLANG_WARN__DUPLICATE_METHOD_MATCH = YES;
				COPY_PHASE_STRIP = NO;
				DEBUG_INFORMATION_FORMAT = "dwarf-with-dsym";
				ENABLE_NS_ASSERTIONS = NO;
				ENABLE_STRICT_OBJC_MSGSEND = YES;
				GCC_C_LANGUAGE_STANDARD = gnu11;
				GCC_NO_COMMON_BLOCKS = YES;
				GCC_WARN_64_TO_32_BIT_CONVERSION = YES;
				GCC_WARN_ABOUT_RETURN_TYPE = YES_ERROR;
				GCC_WARN_UNDECLARED_SELECTOR = YES;
				GCC_WARN_UNINITIALIZED_AUTOS = YES_AGGRESSIVE;
				GCC_WARN_UNUSED_FUNCTION = YES;
				GCC_WARN_UNUSED_VARIABLE = YES;
				IPHONEOS_DEPLOYMENT_TARGET = 13.2;
				MTL_ENABLE_DEBUG_INFO = NO;
				MTL_FAST_MATH = YES;
				SDKROOT = iphoneos;
				SWIFT_COMPILATION_MODE = wholemodule;
				SWIFT_OPTIMIZATION_LEVEL = "-O";
				VALIDATE_PRODUCT = YES;
			};
			name = Release;
		};
		A489C2D923E7AB6E00021FED /* Debug */ = {
			isa = XCBuildConfiguration;
			buildSettings = {
				ASSETCATALOG_COMPILER_APPICON_NAME = AppIcon;
				CODE_SIGN_STYLE = Automatic;
				DEVELOPMENT_TEAM = N96A4XNBA6;
				INFOPLIST_FILE = Bizingo/Info.plist;
				IPHONEOS_DEPLOYMENT_TARGET = 13.2;
				LD_RUNPATH_SEARCH_PATHS = (
					"$(inherited)",
					"@executable_path/Frameworks",
				);
				PRODUCT_BUNDLE_IDENTIFIER = matheusDamasceno.Bizingo;
				PRODUCT_NAME = "$(TARGET_NAME)";
				SWIFT_VERSION = 5.0;
				TARGETED_DEVICE_FAMILY = "1,2";
			};
			name = Debug;
		};
		A489C2DA23E7AB6E00021FED /* Release */ = {
			isa = XCBuildConfiguration;
			buildSettings = {
				ASSETCATALOG_COMPILER_APPICON_NAME = AppIcon;
				CODE_SIGN_STYLE = Automatic;
				DEVELOPMENT_TEAM = N96A4XNBA6;
				INFOPLIST_FILE = Bizingo/Info.plist;
				IPHONEOS_DEPLOYMENT_TARGET = 13.2;
				LD_RUNPATH_SEARCH_PATHS = (
					"$(inherited)",
					"@executable_path/Frameworks",
				);
				PRODUCT_BUNDLE_IDENTIFIER = matheusDamasceno.Bizingo;
				PRODUCT_NAME = "$(TARGET_NAME)";
				SWIFT_VERSION = 5.0;
				TARGETED_DEVICE_FAMILY = "1,2";
			};
			name = Release;
		};
/* End XCBuildConfiguration section */

/* Begin XCConfigurationList section */
		A489C2BB23E7AB6B00021FED /* Build configuration list for PBXProject "Bizingo" */ = {
			isa = XCConfigurationList;
			buildConfigurations = (
				A489C2D623E7AB6E00021FED /* Debug */,
				A489C2D723E7AB6E00021FED /* Release */,
			);
			defaultConfigurationIsVisible = 0;
			defaultConfigurationName = Release;
		};
		A489C2D823E7AB6E00021FED /* Build configuration list for PBXNativeTarget "Bizingo" */ = {
			isa = XCConfigurationList;
			buildConfigurations = (
				A489C2D923E7AB6E00021FED /* Debug */,
				A489C2DA23E7AB6E00021FED /* Release */,
			);
			defaultConfigurationIsVisible = 0;
			defaultConfigurationName = Release;
		};
/* End XCConfigurationList section */
	};
	rootObject = A489C2B823E7AB6B00021FED /* Project object */;
}
